// !$*UTF8*$!
{
	archiveVersion = 1;
	classes = {
	};
	objectVersion = 77;
	objects = {

/* Begin PBXBuildFile section */
		A5D8BF942D8D9786007212FC /* WidgetKit.framework in Frameworks */ = {isa = PBXBuildFile; fileRef = A5D8BF142D8D4253007212FC /* WidgetKit.framework */; };
		A5D8BF952D8D9786007212FC /* SwiftUI.framework in Frameworks */ = {isa = PBXBuildFile; fileRef = A5D8BF162D8D4253007212FC /* SwiftUI.framework */; };
		A5D8BFA42D8D9786007212FC /* FieldMateWidgetExtension.appex in Embed Foundation Extensions */ = {isa = PBXBuildFile; fileRef = A5D8BF932D8D9786007212FC /* FieldMateWidgetExtension.appex */; settings = {ATTRIBUTES = (RemoveHeadersOnCopy, ); }; };
/* End PBXBuildFile section */

/* Begin PBXContainerItemProxy section */
		A572A7C52D8C3E520098C371 /* PBXContainerItemProxy */ = {
			isa = PBXContainerItemProxy;
			containerPortal = A572A7AC2D8C3E510098C371 /* Project object */;
			proxyType = 1;
			remoteGlobalIDString = A572A7B32D8C3E510098C371;
			remoteInfo = FieldMate;
		};
		A572A7CF2D8C3E520098C371 /* PBXContainerItemProxy */ = {
			isa = PBXContainerItemProxy;
			containerPortal = A572A7AC2D8C3E510098C371 /* Project object */;
			proxyType = 1;
			remoteGlobalIDString = A572A7B32D8C3E510098C371;
			remoteInfo = FieldMate;
		};
		A5D8BFA22D8D9786007212FC /* PBXContainerItemProxy */ = {
			isa = PBXContainerItemProxy;
			containerPortal = A572A7AC2D8C3E510098C371 /* Project object */;
			proxyType = 1;
			remoteGlobalIDString = A5D8BF922D8D9786007212FC;
			remoteInfo = FieldMateWidgetExtension;
		};
/* End PBXContainerItemProxy section */

/* Begin PBXCopyFilesBuildPhase section */
		A5D8BF2D2D8D4254007212FC /* Embed Foundation Extensions */ = {
			isa = PBXCopyFilesBuildPhase;
			buildActionMask = 2147483647;
			dstPath = "";
			dstSubfolderSpec = 13;
			files = (
				A5D8BFA42D8D9786007212FC /* FieldMateWidgetExtension.appex in Embed Foundation Extensions */,
			);
			name = "Embed Foundation Extensions";
			runOnlyForDeploymentPostprocessing = 0;
		};
/* End PBXCopyFilesBuildPhase section */

/* Begin PBXFileReference section */
		A572A7B42D8C3E510098C371 /* FieldMate.app */ = {isa = PBXFileReference; explicitFileType = wrapper.application; includeInIndex = 0; path = FieldMate.app; sourceTree = BUILT_PRODUCTS_DIR; };
		A572A7C42D8C3E520098C371 /* FieldMateTests.xctest */ = {isa = PBXFileReference; explicitFileType = wrapper.cfbundle; includeInIndex = 0; path = FieldMateTests.xctest; sourceTree = BUILT_PRODUCTS_DIR; };
		A572A7CE2D8C3E520098C371 /* FieldMateUITests.xctest */ = {isa = PBXFileReference; explicitFileType = wrapper.cfbundle; includeInIndex = 0; path = FieldMateUITests.xctest; sourceTree = BUILT_PRODUCTS_DIR; };
		A5D8BF142D8D4253007212FC /* WidgetKit.framework */ = {isa = PBXFileReference; lastKnownFileType = wrapper.framework; name = WidgetKit.framework; path = System/Library/Frameworks/WidgetKit.framework; sourceTree = SDKROOT; };
		A5D8BF162D8D4253007212FC /* SwiftUI.framework */ = {isa = PBXFileReference; lastKnownFileType = wrapper.framework; name = SwiftUI.framework; path = System/Library/Frameworks/SwiftUI.framework; sourceTree = SDKROOT; };
		A5D8BF932D8D9786007212FC /* FieldMateWidgetExtension.appex */ = {isa = PBXFileReference; explicitFileType = "wrapper.app-extension"; includeInIndex = 0; path = FieldMateWidgetExtension.appex; sourceTree = BUILT_PRODUCTS_DIR; };
/* End PBXFileReference section */

/* Begin PBXFileSystemSynchronizedBuildFileExceptionSet section */
		A572A7FB2D8C536F0098C371 /* Exceptions for "FieldMate" folder in "FieldMate" target */ = {
			isa = PBXFileSystemSynchronizedBuildFileExceptionSet;
			membershipExceptions = (
				Info.plist,
			);
			target = A572A7B32D8C3E510098C371 /* FieldMate */;
		};
		A5D8BFA82D8D9786007212FC /* Exceptions for "FieldMateWidget" folder in "FieldMateWidgetExtension" target */ = {
			isa = PBXFileSystemSynchronizedBuildFileExceptionSet;
			membershipExceptions = (
				Info.plist,
			);
			target = A5D8BF922D8D9786007212FC /* FieldMateWidgetExtension */;
		};
		A5D8BFAA2D8D988D007212FC /* Exceptions for "FieldMate" folder in "FieldMateWidgetExtension" target */ = {
			isa = PBXFileSystemSynchronizedBuildFileExceptionSet;
			membershipExceptions = (
				FieldMateActivityAttributes.swift,
			);
			target = A5D8BF922D8D9786007212FC /* FieldMateWidgetExtension */;
		};
/* End PBXFileSystemSynchronizedBuildFileExceptionSet section */

/* Begin PBXFileSystemSynchronizedRootGroup section */
		A572A7B62D8C3E510098C371 /* FieldMate */ = {
			isa = PBXFileSystemSynchronizedRootGroup;
			exceptions = (
				A572A7FB2D8C536F0098C371 /* Exceptions for "FieldMate" folder in "FieldMate" target */,
				A5D8BFAA2D8D988D007212FC /* Exceptions for "FieldMate" folder in "FieldMateWidgetExtension" target */,
			);
			path = FieldMate;
			sourceTree = "<group>";
		};
		A572A7C72D8C3E520098C371 /* FieldMateTests */ = {
			isa = PBXFileSystemSynchronizedRootGroup;
			path = FieldMateTests;
			sourceTree = "<group>";
		};
		A572A7D12D8C3E520098C371 /* FieldMateUITests */ = {
			isa = PBXFileSystemSynchronizedRootGroup;
			path = FieldMateUITests;
			sourceTree = "<group>";
		};
		A5D8BF962D8D9786007212FC /* FieldMateWidget */ = {
			isa = PBXFileSystemSynchronizedRootGroup;
			exceptions = (
				A5D8BFA82D8D9786007212FC /* Exceptions for "FieldMateWidget" folder in "FieldMateWidgetExtension" target */,
			);
			path = FieldMateWidget;
			sourceTree = "<group>";
		};
/* End PBXFileSystemSynchronizedRootGroup section */

/* Begin PBXFrameworksBuildPhase section */
		A572A7B12D8C3E510098C371 /* Frameworks */ = {
			isa = PBXFrameworksBuildPhase;
			buildActionMask = 2147483647;
			files = (
			);
			runOnlyForDeploymentPostprocessing = 0;
		};
		A572A7C12D8C3E520098C371 /* Frameworks */ = {
			isa = PBXFrameworksBuildPhase;
			buildActionMask = 2147483647;
			files = (
			);
			runOnlyForDeploymentPostprocessing = 0;
		};
		A572A7CB2D8C3E520098C371 /* Frameworks */ = {
			isa = PBXFrameworksBuildPhase;
			buildActionMask = 2147483647;
			files = (
			);
			runOnlyForDeploymentPostprocessing = 0;
		};
		A5D8BF902D8D9786007212FC /* Frameworks */ = {
			isa = PBXFrameworksBuildPhase;
			buildActionMask = 2147483647;
			files = (
				A5D8BF952D8D9786007212FC /* SwiftUI.framework in Frameworks */,
				A5D8BF942D8D9786007212FC /* WidgetKit.framework in Frameworks */,
			);
			runOnlyForDeploymentPostprocessing = 0;
		};
/* End PBXFrameworksBuildPhase section */

/* Begin PBXGroup section */
		A572A7AB2D8C3E510098C371 = {
			isa = PBXGroup;
			children = (
				A572A7B62D8C3E510098C371 /* FieldMate */,
				A572A7C72D8C3E520098C371 /* FieldMateTests */,
				A572A7D12D8C3E520098C371 /* FieldMateUITests */,
				A5D8BF962D8D9786007212FC /* FieldMateWidget */,
				A5D8BF132D8D4253007212FC /* Frameworks */,
				A572A7B52D8C3E510098C371 /* Products */,
			);
			sourceTree = "<group>";
		};
		A572A7B52D8C3E510098C371 /* Products */ = {
			isa = PBXGroup;
			children = (
				A572A7B42D8C3E510098C371 /* FieldMate.app */,
				A572A7C42D8C3E520098C371 /* FieldMateTests.xctest */,
				A572A7CE2D8C3E520098C371 /* FieldMateUITests.xctest */,
				A5D8BF932D8D9786007212FC /* FieldMateWidgetExtension.appex */,
			);
			name = Products;
			sourceTree = "<group>";
		};
		A5D8BF132D8D4253007212FC /* Frameworks */ = {
			isa = PBXGroup;
			children = (
				A5D8BF142D8D4253007212FC /* WidgetKit.framework */,
				A5D8BF162D8D4253007212FC /* SwiftUI.framework */,
			);
			name = Frameworks;
			sourceTree = "<group>";
		};
/* End PBXGroup section */

/* Begin PBXNativeTarget section */
		A572A7B32D8C3E510098C371 /* FieldMate */ = {
			isa = PBXNativeTarget;
			buildConfigurationList = A572A7D82D8C3E520098C371 /* Build configuration list for PBXNativeTarget "FieldMate" */;
			buildPhases = (
				A572A7B02D8C3E510098C371 /* Sources */,
				A572A7B12D8C3E510098C371 /* Frameworks */,
				A572A7B22D8C3E510098C371 /* Resources */,
				A5D8BF2D2D8D4254007212FC /* Embed Foundation Extensions */,
			);
			buildRules = (
			);
			dependencies = (
				A5D8BFA32D8D9786007212FC /* PBXTargetDependency */,
			);
			fileSystemSynchronizedGroups = (
				A572A7B62D8C3E510098C371 /* FieldMate */,
			);
			name = FieldMate;
			packageProductDependencies = (
			);
			productName = FieldMate;
			productReference = A572A7B42D8C3E510098C371 /* FieldMate.app */;
			productType = "com.apple.product-type.application";
		};
		A572A7C32D8C3E520098C371 /* FieldMateTests */ = {
			isa = PBXNativeTarget;
			buildConfigurationList = A572A7DB2D8C3E520098C371 /* Build configuration list for PBXNativeTarget "FieldMateTests" */;
			buildPhases = (
				A572A7C02D8C3E520098C371 /* Sources */,
				A572A7C12D8C3E520098C371 /* Frameworks */,
				A572A7C22D8C3E520098C371 /* Resources */,
			);
			buildRules = (
			);
			dependencies = (
				A572A7C62D8C3E520098C371 /* PBXTargetDependency */,
			);
			fileSystemSynchronizedGroups = (
				A572A7C72D8C3E520098C371 /* FieldMateTests */,
			);
			name = FieldMateTests;
			packageProductDependencies = (
			);
			productName = FieldMateTests;
			productReference = A572A7C42D8C3E520098C371 /* FieldMateTests.xctest */;
			productType = "com.apple.product-type.bundle.unit-test";
		};
		A572A7CD2D8C3E520098C371 /* FieldMateUITests */ = {
			isa = PBXNativeTarget;
			buildConfigurationList = A572A7DE2D8C3E520098C371 /* Build configuration list for PBXNativeTarget "FieldMateUITests" */;
			buildPhases = (
				A572A7CA2D8C3E520098C371 /* Sources */,
				A572A7CB2D8C3E520098C371 /* Frameworks */,
				A572A7CC2D8C3E520098C371 /* Resources */,
			);
			buildRules = (
			);
			dependencies = (
				A572A7D02D8C3E520098C371 /* PBXTargetDependency */,
			);
			fileSystemSynchronizedGroups = (
				A572A7D12D8C3E520098C371 /* FieldMateUITests */,
			);
			name = FieldMateUITests;
			packageProductDependencies = (
			);
			productName = FieldMateUITests;
			productReference = A572A7CE2D8C3E520098C371 /* FieldMateUITests.xctest */;
			productType = "com.apple.product-type.bundle.ui-testing";
		};
		A5D8BF922D8D9786007212FC /* FieldMateWidgetExtension */ = {
			isa = PBXNativeTarget;
			buildConfigurationList = A5D8BFA52D8D9786007212FC /* Build configuration list for PBXNativeTarget "FieldMateWidgetExtension" */;
			buildPhases = (
				A5D8BF8F2D8D9786007212FC /* Sources */,
				A5D8BF902D8D9786007212FC /* Frameworks */,
				A5D8BF912D8D9786007212FC /* Resources */,
			);
			buildRules = (
			);
			dependencies = (
			);
			fileSystemSynchronizedGroups = (
				A5D8BF962D8D9786007212FC /* FieldMateWidget */,
			);
			name = FieldMateWidgetExtension;
			packageProductDependencies = (
			);
			productName = FieldMateWidgetExtension;
			productReference = A5D8BF932D8D9786007212FC /* FieldMateWidgetExtension.appex */;
			productType = "com.apple.product-type.app-extension";
		};
/* End PBXNativeTarget section */

/* Begin PBXProject section */
		A572A7AC2D8C3E510098C371 /* Project object */ = {
			isa = PBXProject;
			attributes = {
				BuildIndependentTargetsInParallel = 1;
				LastSwiftUpdateCheck = 1620;
				LastUpgradeCheck = 1620;
				TargetAttributes = {
					A572A7B32D8C3E510098C371 = {
						CreatedOnToolsVersion = 16.2;
					};
					A572A7C32D8C3E520098C371 = {
						CreatedOnToolsVersion = 16.2;
						TestTargetID = A572A7B32D8C3E510098C371;
					};
					A572A7CD2D8C3E520098C371 = {
						CreatedOnToolsVersion = 16.2;
						TestTargetID = A572A7B32D8C3E510098C371;
					};
					A5D8BF922D8D9786007212FC = {
						CreatedOnToolsVersion = 16.2;
					};
				};
			};
			buildConfigurationList = A572A7AF2D8C3E510098C371 /* Build configuration list for PBXProject "FieldMate" */;
			developmentRegion = en;
			hasScannedForEncodings = 0;
			knownRegions = (
				en,
				Base,
			);
			mainGroup = A572A7AB2D8C3E510098C371;
			minimizedProjectReferenceProxies = 1;
			preferredProjectObjectVersion = 77;
			productRefGroup = A572A7B52D8C3E510098C371 /* Products */;
			projectDirPath = "";
			projectRoot = "";
			targets = (
				A572A7B32D8C3E510098C371 /* FieldMate */,
				A572A7C32D8C3E520098C371 /* FieldMateTests */,
				A572A7CD2D8C3E520098C371 /* FieldMateUITests */,
				A5D8BF922D8D9786007212FC /* FieldMateWidgetExtension */,
			);
		};
/* End PBXProject section */

/* Begin PBXResourcesBuildPhase section */
		A572A7B22D8C3E510098C371 /* Resources */ = {
			isa = PBXResourcesBuildPhase;
			buildActionMask = 2147483647;
			files = (
			);
			runOnlyForDeploymentPostprocessing = 0;
		};
		A572A7C22D8C3E520098C371 /* Resources */ = {
			isa = PBXResourcesBuildPhase;
			buildActionMask = 2147483647;
			files = (
			);
			runOnlyForDeploymentPostprocessing = 0;
		};
		A572A7CC2D8C3E520098C371 /* Resources */ = {
			isa = PBXResourcesBuildPhase;
			buildActionMask = 2147483647;
			files = (
			);
			runOnlyForDeploymentPostprocessing = 0;
		};
		A5D8BF912D8D9786007212FC /* Resources */ = {
			isa = PBXResourcesBuildPhase;
			buildActionMask = 2147483647;
			files = (
			);
			runOnlyForDeploymentPostprocessing = 0;
		};
/* End PBXResourcesBuildPhase section */

/* Begin PBXSourcesBuildPhase section */
		A572A7B02D8C3E510098C371 /* Sources */ = {
			isa = PBXSourcesBuildPhase;
			buildActionMask = 2147483647;
			files = (
			);
			runOnlyForDeploymentPostprocessing = 0;
		};
		A572A7C02D8C3E520098C371 /* Sources */ = {
			isa = PBXSourcesBuildPhase;
			buildActionMask = 2147483647;
			files = (
			);
			runOnlyForDeploymentPostprocessing = 0;
		};
		A572A7CA2D8C3E520098C371 /* Sources */ = {
			isa = PBXSourcesBuildPhase;
			buildActionMask = 2147483647;
			files = (
			);
			runOnlyForDeploymentPostprocessing = 0;
		};
		A5D8BF8F2D8D9786007212FC /* Sources */ = {
			isa = PBXSourcesBuildPhase;
			buildActionMask = 2147483647;
			files = (
			);
			runOnlyForDeploymentPostprocessing = 0;
		};
/* End PBXSourcesBuildPhase section */

/* Begin PBXTargetDependency section */
		A572A7C62D8C3E520098C371 /* PBXTargetDependency */ = {
			isa = PBXTargetDependency;
			target = A572A7B32D8C3E510098C371 /* FieldMate */;
			targetProxy = A572A7C52D8C3E520098C371 /* PBXContainerItemProxy */;
		};
		A572A7D02D8C3E520098C371 /* PBXTargetDependency */ = {
			isa = PBXTargetDependency;
			target = A572A7B32D8C3E510098C371 /* FieldMate */;
			targetProxy = A572A7CF2D8C3E520098C371 /* PBXContainerItemProxy */;
		};
		A5D8BFA32D8D9786007212FC /* PBXTargetDependency */ = {
			isa = PBXTargetDependency;
			target = A5D8BF922D8D9786007212FC /* FieldMateWidgetExtension */;
			targetProxy = A5D8BFA22D8D9786007212FC /* PBXContainerItemProxy */;
		};
/* End PBXTargetDependency section */

/* Begin XCBuildConfiguration section */
		A572A7D62D8C3E520098C371 /* Debug */ = {
			isa = XCBuildConfiguration;
			buildSettings = {
				ALWAYS_SEARCH_USER_PATHS = NO;
				ASSETCATALOG_COMPILER_GENERATE_SWIFT_ASSET_SYMBOL_EXTENSIONS = YES;
				CLANG_ANALYZER_NONNULL = YES;
				CLANG_ANALYZER_NUMBER_OBJECT_CONVERSION = YES_AGGRESSIVE;
				CLANG_CXX_LANGUAGE_STANDARD = "gnu++20";
				CLANG_ENABLE_MODULES = YES;
				CLANG_ENABLE_OBJC_ARC = YES;
				CLANG_ENABLE_OBJC_WEAK = YES;
				CLANG_WARN_BLOCK_CAPTURE_AUTORELEASING = YES;
				CLANG_WARN_BOOL_CONVERSION = YES;
				CLANG_WARN_COMMA = YES;
				CLANG_WARN_CONSTANT_CONVERSION = YES;
				CLANG_WARN_DEPRECATED_OBJC_IMPLEMENTATIONS = YES;
				CLANG_WARN_DIRECT_OBJC_ISA_USAGE = YES_ERROR;
				CLANG_WARN_DOCUMENTATION_COMMENTS = YES;
				CLANG_WARN_EMPTY_BODY = YES;
				CLANG_WARN_ENUM_CONVERSION = YES;
				CLANG_WARN_INFINITE_RECURSION = YES;
				CLANG_WARN_INT_CONVERSION = YES;
				CLANG_WARN_NON_LITERAL_NULL_CONVERSION = YES;
				CLANG_WARN_OBJC_IMPLICIT_RETAIN_SELF = YES;
				CLANG_WARN_OBJC_LITERAL_CONVERSION = YES;
				CLANG_WARN_OBJC_ROOT_CLASS = YES_ERROR;
				CLANG_WARN_QUOTED_INCLUDE_IN_FRAMEWORK_HEADER = YES;
				CLANG_WARN_RANGE_LOOP_ANALYSIS = YES;
				CLANG_WARN_STRICT_PROTOTYPES = YES;
				CLANG_WARN_SUSPICIOUS_MOVE = YES;
				CLANG_WARN_UNGUARDED_AVAILABILITY = YES_AGGRESSIVE;
				CLANG_WARN_UNREACHABLE_CODE = YES;
				CLANG_WARN__DUPLICATE_METHOD_MATCH = YES;
				COPY_PHASE_STRIP = NO;
				DEBUG_INFORMATION_FORMAT = dwarf;
				ENABLE_STRICT_OBJC_MSGSEND = YES;
				ENABLE_TESTABILITY = YES;
				ENABLE_USER_SCRIPT_SANDBOXING = YES;
				GCC_C_LANGUAGE_STANDARD = gnu17;
				GCC_DYNAMIC_NO_PIC = NO;
				GCC_NO_COMMON_BLOCKS = YES;
				GCC_OPTIMIZATION_LEVEL = 0;
				GCC_PREPROCESSOR_DEFINITIONS = (
					"DEBUG=1",
					"$(inherited)",
				);
				GCC_WARN_64_TO_32_BIT_CONVERSION = YES;
				GCC_WARN_ABOUT_RETURN_TYPE = YES_ERROR;
				GCC_WARN_UNDECLARED_SELECTOR = YES;
				GCC_WARN_UNINITIALIZED_AUTOS = YES_AGGRESSIVE;
				GCC_WARN_UNUSED_FUNCTION = YES;
				GCC_WARN_UNUSED_VARIABLE = YES;
				IPHONEOS_DEPLOYMENT_TARGET = 18.2;
				LOCALIZATION_PREFERS_STRING_CATALOGS = YES;
				MTL_ENABLE_DEBUG_INFO = INCLUDE_SOURCE;
				MTL_FAST_MATH = YES;
				ONLY_ACTIVE_ARCH = YES;
				SDKROOT = iphoneos;
				SWIFT_ACTIVE_COMPILATION_CONDITIONS = "DEBUG $(inherited)";
				SWIFT_OPTIMIZATION_LEVEL = "-Onone";
			};
			name = Debug;
		};
		A572A7D72D8C3E520098C371 /* Release */ = {
			isa = XCBuildConfiguration;
			buildSettings = {
				ALWAYS_SEARCH_USER_PATHS = NO;
				ASSETCATALOG_COMPILER_GENERATE_SWIFT_ASSET_SYMBOL_EXTENSIONS = YES;
				CLANG_ANALYZER_NONNULL = YES;
				CLANG_ANALYZER_NUMBER_OBJECT_CONVERSION = YES_AGGRESSIVE;
				CLANG_CXX_LANGUAGE_STANDARD = "gnu++20";
				CLANG_ENABLE_MODULES = YES;
				CLANG_ENABLE_OBJC_ARC = YES;
				CLANG_ENABLE_OBJC_WEAK = YES;
				CLANG_WARN_BLOCK_CAPTURE_AUTORELEASING = YES;
				CLANG_WARN_BOOL_CONVERSION = YES;
				CLANG_WARN_COMMA = YES;
				CLANG_WARN_CONSTANT_CONVERSION = YES;
				CLANG_WARN_DEPRECATED_OBJC_IMPLEMENTATIONS = YES;
				CLANG_WARN_DIRECT_OBJC_ISA_USAGE = YES_ERROR;
				CLANG_WARN_DOCUMENTATION_COMMENTS = YES;
				CLANG_WARN_EMPTY_BODY = YES;
				CLANG_WARN_ENUM_CONVERSION = YES;
				CLANG_WARN_INFINITE_RECURSION = YES;
				CLANG_WARN_INT_CONVERSION = YES;
				CLANG_WARN_NON_LITERAL_NULL_CONVERSION = YES;
				CLANG_WARN_OBJC_IMPLICIT_RETAIN_SELF = YES;
				CLANG_WARN_OBJC_LITERAL_CONVERSION = YES;
				CLANG_WARN_OBJC_ROOT_CLASS = YES_ERROR;
				CLANG_WARN_QUOTED_INCLUDE_IN_FRAMEWORK_HEADER = YES;
				CLANG_WARN_RANGE_LOOP_ANALYSIS = YES;
				CLANG_WARN_STRICT_PROTOTYPES = YES;
				CLANG_WARN_SUSPICIOUS_MOVE = YES;
				CLANG_WARN_UNGUARDED_AVAILABILITY = YES_AGGRESSIVE;
				CLANG_WARN_UNREACHABLE_CODE = YES;
				CLANG_WARN__DUPLICATE_METHOD_MATCH = YES;
				COPY_PHASE_STRIP = NO;
				DEBUG_INFORMATION_FORMAT = "dwarf-with-dsym";
				ENABLE_NS_ASSERTIONS = NO;
				ENABLE_STRICT_OBJC_MSGSEND = YES;
				ENABLE_USER_SCRIPT_SANDBOXING = YES;
				GCC_C_LANGUAGE_STANDARD = gnu17;
				GCC_NO_COMMON_BLOCKS = YES;
				GCC_WARN_64_TO_32_BIT_CONVERSION = YES;
				GCC_WARN_ABOUT_RETURN_TYPE = YES_ERROR;
				GCC_WARN_UNDECLARED_SELECTOR = YES;
				GCC_WARN_UNINITIALIZED_AUTOS = YES_AGGRESSIVE;
				GCC_WARN_UNUSED_FUNCTION = YES;
				GCC_WARN_UNUSED_VARIABLE = YES;
				IPHONEOS_DEPLOYMENT_TARGET = 18.2;
				LOCALIZATION_PREFERS_STRING_CATALOGS = YES;
				MTL_ENABLE_DEBUG_INFO = NO;
				MTL_FAST_MATH = YES;
				SDKROOT = iphoneos;
				SWIFT_COMPILATION_MODE = wholemodule;
				VALIDATE_PRODUCT = YES;
			};
			name = Release;
		};
		A572A7D92D8C3E520098C371 /* Debug */ = {
			isa = XCBuildConfiguration;
			buildSettings = {
				ASSETCATALOG_COMPILER_APPICON_NAME = AppIcon;
				ASSETCATALOG_COMPILER_GLOBAL_ACCENT_COLOR_NAME = AccentColor;
				CODE_SIGN_STYLE = Automatic;
				CURRENT_PROJECT_VERSION = 1;
				DEVELOPMENT_ASSET_PATHS = "\"FieldMate/Preview Content\"";
				DEVELOPMENT_TEAM = X38VF9H5UA;
				ENABLE_PREVIEWS = YES;
				GENERATE_INFOPLIST_FILE = YES;
				INFOPLIST_FILE = FieldMate/Info.plist;
				INFOPLIST_KEY_UIApplicationSceneManifest_Generation = YES;
				INFOPLIST_KEY_UIApplicationSupportsIndirectInputEvents = YES;
				INFOPLIST_KEY_UILaunchScreen_Generation = YES;
				INFOPLIST_KEY_UISupportedInterfaceOrientations_iPad = "UIInterfaceOrientationPortrait UIInterfaceOrientationPortraitUpsideDown UIInterfaceOrientationLandscapeLeft UIInterfaceOrientationLandscapeRight";
				INFOPLIST_KEY_UISupportedInterfaceOrientations_iPhone = "UIInterfaceOrientationPortrait UIInterfaceOrientationLandscapeLeft UIInterfaceOrientationLandscapeRight";
				LD_RUNPATH_SEARCH_PATHS = (
					"$(inherited)",
					"@executable_path/Frameworks",
				);
				MARKETING_VERSION = 1.0;
				PRODUCT_BUNDLE_IDENTIFIER = AppleDev.FieldMate;
				PRODUCT_NAME = "$(TARGET_NAME)";
				SWIFT_EMIT_LOC_STRINGS = YES;
				SWIFT_VERSION = 5.0;
				TARGETED_DEVICE_FAMILY = "1,2";
			};
			name = Debug;
		};
		A572A7DA2D8C3E520098C371 /* Release */ = {
			isa = XCBuildConfiguration;
			buildSettings = {
				ASSETCATALOG_COMPILER_APPICON_NAME = AppIcon;
				ASSETCATALOG_COMPILER_GLOBAL_ACCENT_COLOR_NAME = AccentColor;
				CODE_SIGN_STYLE = Automatic;
				CURRENT_PROJECT_VERSION = 1;
				DEVELOPMENT_ASSET_PATHS = "\"FieldMate/Preview Content\"";
				DEVELOPMENT_TEAM = X38VF9H5UA;
				ENABLE_PREVIEWS = YES;
				GENERATE_INFOPLIST_FILE = YES;
				INFOPLIST_FILE = FieldMate/Info.plist;
				INFOPLIST_KEY_UIApplicationSceneManifest_Generation = YES;
				INFOPLIST_KEY_UIApplicationSupportsIndirectInputEvents = YES;
				INFOPLIST_KEY_UILaunchScreen_Generation = YES;
				INFOPLIST_KEY_UISupportedInterfaceOrientations_iPad = "UIInterfaceOrientationPortrait UIInterfaceOrientationPortraitUpsideDown UIInterfaceOrientationLandscapeLeft UIInterfaceOrientationLandscapeRight";
				INFOPLIST_KEY_UISupportedInterfaceOrientations_iPhone = "UIInterfaceOrientationPortrait UIInterfaceOrientationLandscapeLeft UIInterfaceOrientationLandscapeRight";
				LD_RUNPATH_SEARCH_PATHS = (
					"$(inherited)",
					"@executable_path/Frameworks",
				);
				MARKETING_VERSION = 1.0;
				PRODUCT_BUNDLE_IDENTIFIER = AppleDev.FieldMate;
				PRODUCT_NAME = "$(TARGET_NAME)";
				SWIFT_EMIT_LOC_STRINGS = YES;
				SWIFT_VERSION = 5.0;
				TARGETED_DEVICE_FAMILY = "1,2";
			};
			name = Release;
		};
		A572A7DC2D8C3E520098C371 /* Debug */ = {
			isa = XCBuildConfiguration;
			buildSettings = {
				BUNDLE_LOADER = "$(TEST_HOST)";
				CODE_SIGN_STYLE = Automatic;
				CURRENT_PROJECT_VERSION = 1;
				DEVELOPMENT_TEAM = X38VF9H5UA;
				GENERATE_INFOPLIST_FILE = YES;
				IPHONEOS_DEPLOYMENT_TARGET = 18.2;
				MARKETING_VERSION = 1.0;
				PRODUCT_BUNDLE_IDENTIFIER = AppleDev.FieldMateTests;
				PRODUCT_NAME = "$(TARGET_NAME)";
				SWIFT_EMIT_LOC_STRINGS = NO;
				SWIFT_VERSION = 5.0;
				TARGETED_DEVICE_FAMILY = "1,2";
				TEST_HOST = "$(BUILT_PRODUCTS_DIR)/FieldMate.app/$(BUNDLE_EXECUTABLE_FOLDER_PATH)/FieldMate";
			};
			name = Debug;
		};
		A572A7DD2D8C3E520098C371 /* Release */ = {
			isa = XCBuildConfiguration;
			buildSettings = {
				BUNDLE_LOADER = "$(TEST_HOST)";
				CODE_SIGN_STYLE = Automatic;
				CURRENT_PROJECT_VERSION = 1;
				DEVELOPMENT_TEAM = X38VF9H5UA;
				GENERATE_INFOPLIST_FILE = YES;
				IPHONEOS_DEPLOYMENT_TARGET = 18.2;
				MARKETING_VERSION = 1.0;
				PRODUCT_BUNDLE_IDENTIFIER = AppleDev.FieldMateTests;
				PRODUCT_NAME = "$(TARGET_NAME)";
				SWIFT_EMIT_LOC_STRINGS = NO;
				SWIFT_VERSION = 5.0;
				TARGETED_DEVICE_FAMILY = "1,2";
				TEST_HOST = "$(BUILT_PRODUCTS_DIR)/FieldMate.app/$(BUNDLE_EXECUTABLE_FOLDER_PATH)/FieldMate";
			};
			name = Release;
		};
		A572A7DF2D8C3E520098C371 /* Debug */ = {
			isa = XCBuildConfiguration;
			buildSettings = {
				CODE_SIGN_STYLE = Automatic;
				CURRENT_PROJECT_VERSION = 1;
				DEVELOPMENT_TEAM = X38VF9H5UA;
				GENERATE_INFOPLIST_FILE = YES;
				MARKETING_VERSION = 1.0;
				PRODUCT_BUNDLE_IDENTIFIER = AppleDev.FieldMateUITests;
				PRODUCT_NAME = "$(TARGET_NAME)";
				SWIFT_EMIT_LOC_STRINGS = NO;
				SWIFT_VERSION = 5.0;
				TARGETED_DEVICE_FAMILY = "1,2";
				TEST_TARGET_NAME = FieldMate;
			};
			name = Debug;
		};
		A572A7E02D8C3E520098C371 /* Release */ = {
			isa = XCBuildConfiguration;
			buildSettings = {
				CODE_SIGN_STYLE = Automatic;
				CURRENT_PROJECT_VERSION = 1;
				DEVELOPMENT_TEAM = X38VF9H5UA;
				GENERATE_INFOPLIST_FILE = YES;
				MARKETING_VERSION = 1.0;
				PRODUCT_BUNDLE_IDENTIFIER = AppleDev.FieldMateUITests;
				PRODUCT_NAME = "$(TARGET_NAME)";
				SWIFT_EMIT_LOC_STRINGS = NO;
				SWIFT_VERSION = 5.0;
				TARGETED_DEVICE_FAMILY = "1,2";
				TEST_TARGET_NAME = FieldMate;
			};
			name = Release;
		};
		A5D8BFA62D8D9786007212FC /* Debug */ = {
			isa = XCBuildConfiguration;
			buildSettings = {
				ASSETCATALOG_COMPILER_GLOBAL_ACCENT_COLOR_NAME = AccentColor;
				ASSETCATALOG_COMPILER_WIDGET_BACKGROUND_COLOR_NAME = WidgetBackground;
				CODE_SIGN_STYLE = Automatic;
				CURRENT_PROJECT_VERSION = 1;
				DEVELOPMENT_TEAM = X38VF9H5UA;
				GENERATE_INFOPLIST_FILE = YES;
				INFOPLIST_FILE = FieldMateWidget/Info.plist;
				INFOPLIST_KEY_CFBundleDisplayName = FieldMateWidget;
				INFOPLIST_KEY_NSHumanReadableCopyright = "";
				LD_RUNPATH_SEARCH_PATHS = (
					"$(inherited)",
					"@executable_path/Frameworks",
					"@executable_path/../../Frameworks",
				);
				MARKETING_VERSION = 1.0;
				PRODUCT_BUNDLE_IDENTIFIER = AppleDev.FieldMate.FieldMateWidget;
				PRODUCT_NAME = "$(TARGET_NAME)";
				SKIP_INSTALL = YES;
				SWIFT_EMIT_LOC_STRINGS = YES;
				SWIFT_VERSION = 5.0;
				TARGETED_DEVICE_FAMILY = "1,2";
			};
			name = Debug;
		};
		A5D8BFA72D8D9786007212FC /* Release */ = {
			isa = XCBuildConfiguration;
			buildSettings = {
				ASSETCATALOG_COMPILER_GLOBAL_ACCENT_COLOR_NAME = AccentColor;
				ASSETCATALOG_COMPILER_WIDGET_BACKGROUND_COLOR_NAME = WidgetBackground;
				CODE_SIGN_STYLE = Automatic;
				CURRENT_PROJECT_VERSION = 1;
				DEVELOPMENT_TEAM = X38VF9H5UA;
				GENERATE_INFOPLIST_FILE = YES;
				INFOPLIST_FILE = FieldMateWidget/Info.plist;
				INFOPLIST_KEY_CFBundleDisplayName = FieldMateWidget;
				INFOPLIST_KEY_NSHumanReadableCopyright = "";
				LD_RUNPATH_SEARCH_PATHS = (
					"$(inherited)",
					"@executable_path/Frameworks",
					"@executable_path/../../Frameworks",
				);
				MARKETING_VERSION = 1.0;
				PRODUCT_BUNDLE_IDENTIFIER = AppleDev.FieldMate.FieldMateWidget;
				PRODUCT_NAME = "$(TARGET_NAME)";
				SKIP_INSTALL = YES;
				SWIFT_EMIT_LOC_STRINGS = YES;
				SWIFT_VERSION = 5.0;
				TARGETED_DEVICE_FAMILY = "1,2";
			};
			name = Release;
		};
/* End XCBuildConfiguration section */

/* Begin XCConfigurationList section */
		A572A7AF2D8C3E510098C371 /* Build configuration list for PBXProject "FieldMate" */ = {
			isa = XCConfigurationList;
			buildConfigurations = (
				A572A7D62D8C3E520098C371 /* Debug */,
				A572A7D72D8C3E520098C371 /* Release */,
			);
			defaultConfigurationIsVisible = 0;
			defaultConfigurationName = Release;
		};
		A572A7D82D8C3E520098C371 /* Build configuration list for PBXNativeTarget "FieldMate" */ = {
			isa = XCConfigurationList;
			buildConfigurations = (
				A572A7D92D8C3E520098C371 /* Debug */,
				A572A7DA2D8C3E520098C371 /* Release */,
			);
			defaultConfigurationIsVisible = 0;
			defaultConfigurationName = Release;
		};
		A572A7DB2D8C3E520098C371 /* Build configuration list for PBXNativeTarget "FieldMateTests" */ = {
			isa = XCConfigurationList;
			buildConfigurations = (
				A572A7DC2D8C3E520098C371 /* Debug */,
				A572A7DD2D8C3E520098C371 /* Release */,
			);
			defaultConfigurationIsVisible = 0;
			defaultConfigurationName = Release;
		};
		A572A7DE2D8C3E520098C371 /* Build configuration list for PBXNativeTarget "FieldMateUITests" */ = {
			isa = XCConfigurationList;
			buildConfigurations = (
				A572A7DF2D8C3E520098C371 /* Debug */,
				A572A7E02D8C3E520098C371 /* Release */,
			);
			defaultConfigurationIsVisible = 0;
			defaultConfigurationName = Release;
		};
		A5D8BFA52D8D9786007212FC /* Build configuration list for PBXNativeTarget "FieldMateWidgetExtension" */ = {
			isa = XCConfigurationList;
			buildConfigurations = (
				A5D8BFA62D8D9786007212FC /* Debug */,
				A5D8BFA72D8D9786007212FC /* Release */,
			);
			defaultConfigurationIsVisible = 0;
			defaultConfigurationName = Release;
		};
/* End XCConfigurationList section */
	};
	rootObject = A572A7AC2D8C3E510098C371 /* Project object */;
}
